// !$*UTF8*$!
{
	archiveVersion = 1;
	classes = {
	};
	objectVersion = 46;
	objects = {

/* Begin PBXBuildFile section */
		C588C4E217F7682D00F6B44B /* Foundation.framework in Frameworks */ = {isa = PBXBuildFile; fileRef = C588C4E117F7682D00F6B44B /* Foundation.framework */; };
		C588C4E417F7682D00F6B44B /* CoreGraphics.framework in Frameworks */ = {isa = PBXBuildFile; fileRef = C588C4E317F7682D00F6B44B /* CoreGraphics.framework */; };
		C588C4E617F7682D00F6B44B /* UIKit.framework in Frameworks */ = {isa = PBXBuildFile; fileRef = C588C4E517F7682D00F6B44B /* UIKit.framework */; };
		C588C4EC17F7682D00F6B44B /* InfoPlist.strings in Resources */ = {isa = PBXBuildFile; fileRef = C588C4EA17F7682D00F6B44B /* InfoPlist.strings */; };
		C588C4EE17F7682D00F6B44B /* main.m in Sources */ = {isa = PBXBuildFile; fileRef = C588C4ED17F7682D00F6B44B /* main.m */; };
		C588C4F217F7682D00F6B44B /* AppDelegate.m in Sources */ = {isa = PBXBuildFile; fileRef = C588C4F117F7682D00F6B44B /* AppDelegate.m */; };
		C588C4F517F7682D00F6B44B /* Main.storyboard in Resources */ = {isa = PBXBuildFile; fileRef = C588C4F317F7682D00F6B44B /* Main.storyboard */; };
		C588C4F817F7682D00F6B44B /* ViewController.m in Sources */ = {isa = PBXBuildFile; fileRef = C588C4F717F7682D00F6B44B /* ViewController.m */; };
		C588C4FA17F7682D00F6B44B /* Images.xcassets in Resources */ = {isa = PBXBuildFile; fileRef = C588C4F917F7682D00F6B44B /* Images.xcassets */; };
		C588C50117F7682D00F6B44B /* XCTest.framework in Frameworks */ = {isa = PBXBuildFile; fileRef = C588C50017F7682D00F6B44B /* XCTest.framework */; };
		C588C50217F7682D00F6B44B /* Foundation.framework in Frameworks */ = {isa = PBXBuildFile; fileRef = C588C4E117F7682D00F6B44B /* Foundation.framework */; };
		C588C50317F7682D00F6B44B /* UIKit.framework in Frameworks */ = {isa = PBXBuildFile; fileRef = C588C4E517F7682D00F6B44B /* UIKit.framework */; };
		C588C50B17F7682D00F6B44B /* InfoPlist.strings in Resources */ = {isa = PBXBuildFile; fileRef = C588C50917F7682D00F6B44B /* InfoPlist.strings */; };
		C588C50D17F7682D00F6B44B /* noworkTests.m in Sources */ = {isa = PBXBuildFile; fileRef = C588C50C17F7682D00F6B44B /* noworkTests.m */; };
/* End PBXBuildFile section */

/* Begin PBXContainerItemProxy section */
		C588C50417F7682D00F6B44B /* PBXContainerItemProxy */ = {
			isa = PBXContainerItemProxy;
			containerPortal = C588C4D617F7682D00F6B44B /* Project object */;
			proxyType = 1;
			remoteGlobalIDString = C588C4DD17F7682D00F6B44B;
			remoteInfo = nowork;
		};
/* End PBXContainerItemProxy section */

/* Begin PBXFileReference section */
		C588C4DE17F7682D00F6B44B /* no work.app */ = {isa = PBXFileReference; explicitFileType = wrapper.application; includeInIndex = 0; path = "no work.app"; sourceTree = BUILT_PRODUCTS_DIR; };
		C588C4E117F7682D00F6B44B /* Foundation.framework */ = {isa = PBXFileReference; lastKnownFileType = wrapper.framework; name = Foundation.framework; path = System/Library/Frameworks/Foundation.framework; sourceTree = SDKROOT; };
		C588C4E317F7682D00F6B44B /* CoreGraphics.framework */ = {isa = PBXFileReference; lastKnownFileType = wrapper.framework; name = CoreGraphics.framework; path = System/Library/Frameworks/CoreGraphics.framework; sourceTree = SDKROOT; };
		C588C4E517F7682D00F6B44B /* UIKit.framework */ = {isa = PBXFileReference; lastKnownFileType = wrapper.framework; name = UIKit.framework; path = System/Library/Frameworks/UIKit.framework; sourceTree = SDKROOT; };
		C588C4E917F7682D00F6B44B /* no work-Info.plist */ = {isa = PBXFileReference; lastKnownFileType = text.plist.xml; path = "no work-Info.plist"; sourceTree = "<group>"; };
		C588C4EB17F7682D00F6B44B /* en */ = {isa = PBXFileReference; lastKnownFileType = text.plist.strings; name = en; path = en.lproj/InfoPlist.strings; sourceTree = "<group>"; };
		C588C4ED17F7682D00F6B44B /* main.m */ = {isa = PBXFileReference; lastKnownFileType = sourcecode.c.objc; path = main.m; sourceTree = "<group>"; };
		C588C4EF17F7682D00F6B44B /* no work-Prefix.pch */ = {isa = PBXFileReference; lastKnownFileType = sourcecode.c.h; path = "no work-Prefix.pch"; sourceTree = "<group>"; };
		C588C4F017F7682D00F6B44B /* AppDelegate.h */ = {isa = PBXFileReference; lastKnownFileType = sourcecode.c.h; path = AppDelegate.h; sourceTree = "<group>"; };
		C588C4F117F7682D00F6B44B /* AppDelegate.m */ = {isa = PBXFileReference; lastKnownFileType = sourcecode.c.objc; path = AppDelegate.m; sourceTree = "<group>"; };
		C588C4F417F7682D00F6B44B /* Base */ = {isa = PBXFileReference; lastKnownFileType = file.storyboard; name = Base; path = Base.lproj/Main.storyboard; sourceTree = "<group>"; };
		C588C4F617F7682D00F6B44B /* ViewController.h */ = {isa = PBXFileReference; lastKnownFileType = sourcecode.c.h; path = ViewController.h; sourceTree = "<group>"; };
		C588C4F717F7682D00F6B44B /* ViewController.m */ = {isa = PBXFileReference; lastKnownFileType = sourcecode.c.objc; path = ViewController.m; sourceTree = "<group>"; };
		C588C4F917F7682D00F6B44B /* Images.xcassets */ = {isa = PBXFileReference; lastKnownFileType = folder.assetcatalog; path = Images.xcassets; sourceTree = "<group>"; };
		C588C4FF17F7682D00F6B44B /* no workTests.xctest */ = {isa = PBXFileReference; explicitFileType = wrapper.cfbundle; includeInIndex = 0; path = "no workTests.xctest"; sourceTree = BUILT_PRODUCTS_DIR; };
		C588C50017F7682D00F6B44B /* XCTest.framework */ = {isa = PBXFileReference; lastKnownFileType = wrapper.framework; name = XCTest.framework; path = Library/Frameworks/XCTest.framework; sourceTree = DEVELOPER_DIR; };
		C588C50817F7682D00F6B44B /* noworkTests-Info.plist */ = {isa = PBXFileReference; lastKnownFileType = text.plist.xml; path = "noworkTests-Info.plist"; sourceTree = "<group>"; };
		C588C50A17F7682D00F6B44B /* en */ = {isa = PBXFileReference; lastKnownFileType = text.plist.strings; name = en; path = en.lproj/InfoPlist.strings; sourceTree = "<group>"; };
		C588C50C17F7682D00F6B44B /* noworkTests.m */ = {isa = PBXFileReference; lastKnownFileType = sourcecode.c.objc; path = noworkTests.m; sourceTree = "<group>"; };
/* End PBXFileReference section */

/* Begin PBXFrameworksBuildPhase section */
		C588C4DB17F7682D00F6B44B /* Frameworks */ = {
			isa = PBXFrameworksBuildPhase;
			buildActionMask = 2147483647;
			files = (
				C588C4E417F7682D00F6B44B /* CoreGraphics.framework in Frameworks */,
				C588C4E617F7682D00F6B44B /* UIKit.framework in Frameworks */,
				C588C4E217F7682D00F6B44B /* Foundation.framework in Frameworks */,
			);
			runOnlyForDeploymentPostprocessing = 0;
		};
		C588C4FC17F7682D00F6B44B /* Frameworks */ = {
			isa = PBXFrameworksBuildPhase;
			buildActionMask = 2147483647;
			files = (
				C588C50117F7682D00F6B44B /* XCTest.framework in Frameworks */,
				C588C50317F7682D00F6B44B /* UIKit.framework in Frameworks */,
				C588C50217F7682D00F6B44B /* Foundation.framework in Frameworks */,
			);
			runOnlyForDeploymentPostprocessing = 0;
		};
/* End PBXFrameworksBuildPhase section */

/* Begin PBXGroup section */
		C588C4D517F7682D00F6B44B = {
			isa = PBXGroup;
			children = (
				C588C4E717F7682D00F6B44B /* nowork */,
				C588C50617F7682D00F6B44B /* noworkTests */,
				C588C4E017F7682D00F6B44B /* Frameworks */,
				C588C4DF17F7682D00F6B44B /* Products */,
			);
			sourceTree = "<group>";
		};
		C588C4DF17F7682D00F6B44B /* Products */ = {
			isa = PBXGroup;
			children = (
				C588C4DE17F7682D00F6B44B /* no work.app */,
				C588C4FF17F7682D00F6B44B /* no workTests.xctest */,
			);
			name = Products;
			sourceTree = "<group>";
		};
		C588C4E017F7682D00F6B44B /* Frameworks */ = {
			isa = PBXGroup;
			children = (
				C588C4E117F7682D00F6B44B /* Foundation.framework */,
				C588C4E317F7682D00F6B44B /* CoreGraphics.framework */,
				C588C4E517F7682D00F6B44B /* UIKit.framework */,
				C588C50017F7682D00F6B44B /* XCTest.framework */,
			);
			name = Frameworks;
			sourceTree = "<group>";
		};
		C588C4E717F7682D00F6B44B /* nowork */ = {
			isa = PBXGroup;
			children = (
				C588C4F017F7682D00F6B44B /* AppDelegate.h */,
				C588C4F117F7682D00F6B44B /* AppDelegate.m */,
				C588C4F317F7682D00F6B44B /* Main.storyboard */,
				C588C4F617F7682D00F6B44B /* ViewController.h */,
				C588C4F717F7682D00F6B44B /* ViewController.m */,
				C588C4F917F7682D00F6B44B /* Images.xcassets */,
				C588C4E817F7682D00F6B44B /* Supporting Files */,
			);
			path = nowork;
			sourceTree = "<group>";
		};
		C588C4E817F7682D00F6B44B /* Supporting Files */ = {
			isa = PBXGroup;
			children = (
				C588C4E917F7682D00F6B44B /* no work-Info.plist */,
				C588C4EA17F7682D00F6B44B /* InfoPlist.strings */,
				C588C4ED17F7682D00F6B44B /* main.m */,
				C588C4EF17F7682D00F6B44B /* no work-Prefix.pch */,
			);
			name = "Supporting Files";
			sourceTree = "<group>";
		};
		C588C50617F7682D00F6B44B /* noworkTests */ = {
			isa = PBXGroup;
			children = (
				C588C50C17F7682D00F6B44B /* noworkTests.m */,
				C588C50717F7682D00F6B44B /* Supporting Files */,
			);
			path = noworkTests;
			sourceTree = "<group>";
		};
		C588C50717F7682D00F6B44B /* Supporting Files */ = {
			isa = PBXGroup;
			children = (
				C588C50817F7682D00F6B44B /* noworkTests-Info.plist */,
				C588C50917F7682D00F6B44B /* InfoPlist.strings */,
			);
			name = "Supporting Files";
			sourceTree = "<group>";
		};
/* End PBXGroup section */

/* Begin PBXNativeTarget section */
		C588C4DD17F7682D00F6B44B /* no work */ = {
			isa = PBXNativeTarget;
			buildConfigurationList = C588C51017F7682D00F6B44B /* Build configuration list for PBXNativeTarget "no work" */;
			buildPhases = (
				C588C4DA17F7682D00F6B44B /* Sources */,
				C588C4DB17F7682D00F6B44B /* Frameworks */,
				C588C4DC17F7682D00F6B44B /* Resources */,
			);
			buildRules = (
			);
			dependencies = (
			);
			name = "no work";
			productName = nowork;
			productReference = C588C4DE17F7682D00F6B44B /* no work.app */;
			productType = "com.apple.product-type.application";
		};
		C588C4FE17F7682D00F6B44B /* no workTests */ = {
			isa = PBXNativeTarget;
			buildConfigurationList = C588C51317F7682D00F6B44B /* Build configuration list for PBXNativeTarget "no workTests" */;
			buildPhases = (
				C588C4FB17F7682D00F6B44B /* Sources */,
				C588C4FC17F7682D00F6B44B /* Frameworks */,
				C588C4FD17F7682D00F6B44B /* Resources */,
			);
			buildRules = (
			);
			dependencies = (
				C588C50517F7682D00F6B44B /* PBXTargetDependency */,
			);
			name = "no workTests";
			productName = noworkTests;
			productReference = C588C4FF17F7682D00F6B44B /* no workTests.xctest */;
			productType = "com.apple.product-type.bundle.unit-test";
		};
/* End PBXNativeTarget section */

/* Begin PBXProject section */
		C588C4D617F7682D00F6B44B /* Project object */ = {
			isa = PBXProject;
			attributes = {
				LastUpgradeCheck = 0500;
				ORGANIZATIONNAME = "Tim Herbig";
				TargetAttributes = {
					C588C4FE17F7682D00F6B44B = {
						TestTargetID = C588C4DD17F7682D00F6B44B;
					};
				};
			};
			buildConfigurationList = C588C4D917F7682D00F6B44B /* Build configuration list for PBXProject "no work" */;
			compatibilityVersion = "Xcode 3.2";
			developmentRegion = English;
			hasScannedForEncodings = 0;
			knownRegions = (
				en,
				Base,
			);
			mainGroup = C588C4D517F7682D00F6B44B;
			productRefGroup = C588C4DF17F7682D00F6B44B /* Products */;
			projectDirPath = "";
			projectRoot = "";
			targets = (
				C588C4DD17F7682D00F6B44B /* no work */,
				C588C4FE17F7682D00F6B44B /* no workTests */,
			);
		};
/* End PBXProject section */

/* Begin PBXResourcesBuildPhase section */
		C588C4DC17F7682D00F6B44B /* Resources */ = {
			isa = PBXResourcesBuildPhase;
			buildActionMask = 2147483647;
			files = (
				C588C4FA17F7682D00F6B44B /* Images.xcassets in Resources */,
				C588C4EC17F7682D00F6B44B /* InfoPlist.strings in Resources */,
				C588C4F517F7682D00F6B44B /* Main.storyboard in Resources */,
			);
			runOnlyForDeploymentPostprocessing = 0;
		};
		C588C4FD17F7682D00F6B44B /* Resources */ = {
			isa = PBXResourcesBuildPhase;
			buildActionMask = 2147483647;
			files = (
				C588C50B17F7682D00F6B44B /* InfoPlist.strings in Resources */,
			);
			runOnlyForDeploymentPostprocessing = 0;
		};
/* End PBXResourcesBuildPhase section */

/* Begin PBXSourcesBuildPhase section */
		C588C4DA17F7682D00F6B44B /* Sources */ = {
			isa = PBXSourcesBuildPhase;
			buildActionMask = 2147483647;
			files = (
				C588C4F817F7682D00F6B44B /* ViewController.m in Sources */,
				C588C4F217F7682D00F6B44B /* AppDelegate.m in Sources */,
				C588C4EE17F7682D00F6B44B /* main.m in Sources */,
			);
			runOnlyForDeploymentPostprocessing = 0;
		};
		C588C4FB17F7682D00F6B44B /* Sources */ = {
			isa = PBXSourcesBuildPhase;
			buildActionMask = 2147483647;
			files = (
				C588C50D17F7682D00F6B44B /* noworkTests.m in Sources */,
			);
			runOnlyForDeploymentPostprocessing = 0;
		};
/* End PBXSourcesBuildPhase section */

/* Begin PBXTargetDependency section */
		C588C50517F7682D00F6B44B /* PBXTargetDependency */ = {
			isa = PBXTargetDependency;
			target = C588C4DD17F7682D00F6B44B /* no work */;
			targetProxy = C588C50417F7682D00F6B44B /* PBXContainerItemProxy */;
		};
/* End PBXTargetDependency section */

/* Begin PBXVariantGroup section */
		C588C4EA17F7682D00F6B44B /* InfoPlist.strings */ = {
			isa = PBXVariantGroup;
			children = (
				C588C4EB17F7682D00F6B44B /* en */,
			);
			name = InfoPlist.strings;
			sourceTree = "<group>";
		};
		C588C4F317F7682D00F6B44B /* Main.storyboard */ = {
			isa = PBXVariantGroup;
			children = (
				C588C4F417F7682D00F6B44B /* Base */,
			);
			name = Main.storyboard;
			sourceTree = "<group>";
		};
		C588C50917F7682D00F6B44B /* InfoPlist.strings */ = {
			isa = PBXVariantGroup;
			children = (
				C588C50A17F7682D00F6B44B /* en */,
			);
			name = InfoPlist.strings;
			sourceTree = "<group>";
		};
/* End PBXVariantGroup section */

/* Begin XCBuildConfiguration section */
		C588C50E17F7682D00F6B44B /* Debug */ = {
			isa = XCBuildConfiguration;
			buildSettings = {
				ALWAYS_SEARCH_USER_PATHS = NO;
				ARCHS = "$(ARCHS_STANDARD_INCLUDING_64_BIT)";
				CLANG_CXX_LANGUAGE_STANDARD = "gnu++0x";
				CLANG_CXX_LIBRARY = "libc++";
				CLANG_ENABLE_MODULES = YES;
				CLANG_ENABLE_OBJC_ARC = YES;
				CLANG_WARN_BOOL_CONVERSION = YES;
				CLANG_WARN_CONSTANT_CONVERSION = YES;
				CLANG_WARN_DIRECT_OBJC_ISA_USAGE = YES_ERROR;
				CLANG_WARN_EMPTY_BODY = YES;
				CLANG_WARN_ENUM_CONVERSION = YES;
				CLANG_WARN_INT_CONVERSION = YES;
				CLANG_WARN_OBJC_ROOT_CLASS = YES_ERROR;
				CLANG_WARN__DUPLICATE_METHOD_MATCH = YES;
				"CODE_SIGN_IDENTITY[sdk=iphoneos*]" = "iPhone Developer";
				COPY_PHASE_STRIP = NO;
				GCC_C_LANGUAGE_STANDARD = gnu99;
				GCC_DYNAMIC_NO_PIC = NO;
				GCC_OPTIMIZATION_LEVEL = 0;
				GCC_PREPROCESSOR_DEFINITIONS = (
					"DEBUG=1",
					"$(inherited)",
				);
				GCC_SYMBOLS_PRIVATE_EXTERN = NO;
				GCC_WARN_64_TO_32_BIT_CONVERSION = YES;
				GCC_WARN_ABOUT_RETURN_TYPE = YES_ERROR;
				GCC_WARN_UNDECLARED_SELECTOR = YES;
				GCC_WARN_UNINITIALIZED_AUTOS = YES;
				GCC_WARN_UNUSED_FUNCTION = YES;
				GCC_WARN_UNUSED_VARIABLE = YES;
				IPHONEOS_DEPLOYMENT_TARGET = 7.0;
				ONLY_ACTIVE_ARCH = YES;
				SDKROOT = iphoneos;
			};
			name = Debug;
		};
		C588C50F17F7682D00F6B44B /* Release */ = {
			isa = XCBuildConfiguration;
			buildSettings = {
				ALWAYS_SEARCH_USER_PATHS = NO;
				ARCHS = "$(ARCHS_STANDARD_INCLUDING_64_BIT)";
				CLANG_CXX_LANGUAGE_STANDARD = "gnu++0x";
				CLANG_CXX_LIBRARY = "libc++";
				CLANG_ENABLE_MODULES = YES;
				CLANG_ENABLE_OBJC_ARC = YES;
				CLANG_WARN_BOOL_CONVERSION = YES;
				CLANG_WARN_CONSTANT_CONVERSION = YES;
				CLANG_WARN_DIRECT_OBJC_ISA_USAGE = YES_ERROR;
				CLANG_WARN_EMPTY_BODY = YES;
				CLANG_WARN_ENUM_CONVERSION = YES;
				CLANG_WARN_INT_CONVERSION = YES;
				CLANG_WARN_OBJC_ROOT_CLASS = YES_ERROR;
				CLANG_WARN__DUPLICATE_METHOD_MATCH = YES;
				"CODE_SIGN_IDENTITY[sdk=iphoneos*]" = "iPhone Developer";
				COPY_PHASE_STRIP = YES;
				ENABLE_NS_ASSERTIONS = NO;
				GCC_C_LANGUAGE_STANDARD = gnu99;
				GCC_WARN_64_TO_32_BIT_CONVERSION = YES;
				GCC_WARN_ABOUT_RETURN_TYPE = YES_ERROR;
				GCC_WARN_UNDECLARED_SELECTOR = YES;
				GCC_WARN_UNINITIALIZED_AUTOS = YES;
				GCC_WARN_UNUSED_FUNCTION = YES;
				GCC_WARN_UNUSED_VARIABLE = YES;
				IPHONEOS_DEPLOYMENT_TARGET = 7.0;
				SDKROOT = iphoneos;
				VALIDATE_PRODUCT = YES;
			};
			name = Release;
		};
		C588C51117F7682D00F6B44B /* Debug */ = {
			isa = XCBuildConfiguration;
			buildSettings = {
				ASSETCATALOG_COMPILER_APPICON_NAME = AppIcon;
				ASSETCATALOG_COMPILER_LAUNCHIMAGE_NAME = LaunchImage;
				GCC_PRECOMPILE_PREFIX_HEADER = YES;
				GCC_PREFIX_HEADER = "nowork/no work-Prefix.pch";
				INFOPLIST_FILE = "nowork/no work-Info.plist";
				PRODUCT_NAME = "no work";
				WRAPPER_EXTENSION = app;
			};
			name = Debug;
		};
		C588C51217F7682D00F6B44B /* Release */ = {
			isa = XCBuildConfiguration;
			buildSettings = {
				ASSETCATALOG_COMPILER_APPICON_NAME = AppIcon;
				ASSETCATALOG_COMPILER_LAUNCHIMAGE_NAME = LaunchImage;
				GCC_PRECOMPILE_PREFIX_HEADER = YES;
				GCC_PREFIX_HEADER = "nowork/no work-Prefix.pch";
				INFOPLIST_FILE = "nowork/no work-Info.plist";
				PRODUCT_NAME = "no work";
				WRAPPER_EXTENSION = app;
			};
			name = Release;
		};
		C588C51417F7682D00F6B44B /* Debug */ = {
			isa = XCBuildConfiguration;
			buildSettings = {
				ARCHS = "$(ARCHS_STANDARD_INCLUDING_64_BIT)";
				BUNDLE_LOADER = "$(BUILT_PRODUCTS_DIR)/nowork.app/nowork";
				FRAMEWORK_SEARCH_PATHS = (
					"$(SDKROOT)/Developer/Library/Frameworks",
					"$(inherited)",
					"$(DEVELOPER_FRAMEWORKS_DIR)",
				);
				GCC_PRECOMPILE_PREFIX_HEADER = YES;
				GCC_PREFIX_HEADER = "nowork/nowork-Prefix.pch";
				GCC_PREPROCESSOR_DEFINITIONS = (
					"DEBUG=1",
					"$(inherited)",
				);
				INFOPLIST_FILE = "noworkTests/noworkTests-Info.plist";
				PRODUCT_NAME = "no workTests";
				TEST_HOST = "$(BUNDLE_LOADER)";
				WRAPPER_EXTENSION = xctest;
			};
			name = Debug;
		};
		C588C51517F7682D00F6B44B /* Release */ = {
			isa = XCBuildConfiguration;
			buildSettings = {
				ARCHS = "$(ARCHS_STANDARD_INCLUDING_64_BIT)";
				BUNDLE_LOADER = "$(BUILT_PRODUCTS_DIR)/nowork.app/nowork";
				FRAMEWORK_SEARCH_PATHS = (
					"$(SDKROOT)/Developer/Library/Frameworks",
					"$(inherited)",
					"$(DEVELOPER_FRAMEWORKS_DIR)",
				);
				GCC_PRECOMPILE_PREFIX_HEADER = YES;
				GCC_PREFIX_HEADER = "nowork/nowork-Prefix.pch";
				INFOPLIST_FILE = "noworkTests/noworkTests-Info.plist";
				PRODUCT_NAME = "no workTests";
				TEST_HOST = "$(BUNDLE_LOADER)";
				WRAPPER_EXTENSION = xctest;
			};
			name = Release;
		};
/* End XCBuildConfiguration section */

/* Begin XCConfigurationList section */
		C588C4D917F7682D00F6B44B /* Build configuration list for PBXProject "no work" */ = {
			isa = XCConfigurationList;
			buildConfigurations = (
				C588C50E17F7682D00F6B44B /* Debug */,
				C588C50F17F7682D00F6B44B /* Release */,
			);
			defaultConfigurationIsVisible = 0;
			defaultConfigurationName = Release;
		};
		C588C51017F7682D00F6B44B /* Build configuration list for PBXNativeTarget "no work" */ = {
			isa = XCConfigurationList;
			buildConfigurations = (
				C588C51117F7682D00F6B44B /* Debug */,
				C588C51217F7682D00F6B44B /* Release */,
			);
			defaultConfigurationIsVisible = 0;
		};
		C588C51317F7682D00F6B44B /* Build configuration list for PBXNativeTarget "no workTests" */ = {
			isa = XCConfigurationList;
			buildConfigurations = (
				C588C51417F7682D00F6B44B /* Debug */,
				C588C51517F7682D00F6B44B /* Release */,
			);
			defaultConfigurationIsVisible = 0;
		};
/* End XCConfigurationList section */
	};
	rootObject = C588C4D617F7682D00F6B44B /* Project object */;
}
